// !$*UTF8*$!
{
	archiveVersion = 1;
	classes = {
	};
	objectVersion = 56;
	objects = {

/* Begin PBXBuildFile section */
		929F833C2B694ECF00A607E4 /* AppDelegate.swift in Sources */ = {isa = PBXBuildFile; fileRef = 929F833B2B694ECF00A607E4 /* AppDelegate.swift */; };
		929F833E2B694ECF00A607E4 /* SceneDelegate.swift in Sources */ = {isa = PBXBuildFile; fileRef = 929F833D2B694ECF00A607E4 /* SceneDelegate.swift */; };
		929F83402B694ECF00A607E4 /* ViewController.swift in Sources */ = {isa = PBXBuildFile; fileRef = 929F833F2B694ECF00A607E4 /* ViewController.swift */; };
		929F83432B694ECF00A607E4 /* Main.storyboard in Resources */ = {isa = PBXBuildFile; fileRef = 929F83412B694ECF00A607E4 /* Main.storyboard */; };
		929F83452B694ED000A607E4 /* Assets.xcassets in Resources */ = {isa = PBXBuildFile; fileRef = 929F83442B694ED000A607E4 /* Assets.xcassets */; };
		929F83482B694ED000A607E4 /* LaunchScreen.storyboard in Resources */ = {isa = PBXBuildFile; fileRef = 929F83462B694ED000A607E4 /* LaunchScreen.storyboard */; };
		929F83532B694ED000A607E4 /* WeatherappTests.swift in Sources */ = {isa = PBXBuildFile; fileRef = 929F83522B694ED000A607E4 /* WeatherappTests.swift */; };
		929F835D2B694ED000A607E4 /* WeatherappUITests.swift in Sources */ = {isa = PBXBuildFile; fileRef = 929F835C2B694ED000A607E4 /* WeatherappUITests.swift */; };
		929F835F2B694ED000A607E4 /* WeatherappUITestsLaunchTests.swift in Sources */ = {isa = PBXBuildFile; fileRef = 929F835E2B694ED000A607E4 /* WeatherappUITestsLaunchTests.swift */; };
/* End PBXBuildFile section */

/* Begin PBXContainerItemProxy section */
		929F834F2B694ED000A607E4 /* PBXContainerItemProxy */ = {
			isa = PBXContainerItemProxy;
			containerPortal = 929F83302B694ECF00A607E4 /* Project object */;
			proxyType = 1;
			remoteGlobalIDString = 929F83372B694ECF00A607E4;
			remoteInfo = Weatherapp;
		};
		929F83592B694ED000A607E4 /* PBXContainerItemProxy */ = {
			isa = PBXContainerItemProxy;
			containerPortal = 929F83302B694ECF00A607E4 /* Project object */;
			proxyType = 1;
			remoteGlobalIDString = 929F83372B694ECF00A607E4;
			remoteInfo = Weatherapp;
		};
/* End PBXContainerItemProxy section */

/* Begin PBXFileReference section */
		929F83382B694ECF00A607E4 /* Weatherapp.app */ = {isa = PBXFileReference; explicitFileType = wrapper.application; includeInIndex = 0; path = Weatherapp.app; sourceTree = BUILT_PRODUCTS_DIR; };
		929F833B2B694ECF00A607E4 /* AppDelegate.swift */ = {isa = PBXFileReference; lastKnownFileType = sourcecode.swift; path = AppDelegate.swift; sourceTree = "<group>"; };
		929F833D2B694ECF00A607E4 /* SceneDelegate.swift */ = {isa = PBXFileReference; lastKnownFileType = sourcecode.swift; path = SceneDelegate.swift; sourceTree = "<group>"; };
		929F833F2B694ECF00A607E4 /* ViewController.swift */ = {isa = PBXFileReference; lastKnownFileType = sourcecode.swift; path = ViewController.swift; sourceTree = "<group>"; };
		929F83422B694ECF00A607E4 /* Base */ = {isa = PBXFileReference; lastKnownFileType = file.storyboard; name = Base; path = Base.lproj/Main.storyboard; sourceTree = "<group>"; };
		929F83442B694ED000A607E4 /* Assets.xcassets */ = {isa = PBXFileReference; lastKnownFileType = folder.assetcatalog; path = Assets.xcassets; sourceTree = "<group>"; };
		929F83472B694ED000A607E4 /* Base */ = {isa = PBXFileReference; lastKnownFileType = file.storyboard; name = Base; path = Base.lproj/LaunchScreen.storyboard; sourceTree = "<group>"; };
		929F83492B694ED000A607E4 /* Info.plist */ = {isa = PBXFileReference; lastKnownFileType = text.plist.xml; path = Info.plist; sourceTree = "<group>"; };
		929F834E2B694ED000A607E4 /* WeatherappTests.xctest */ = {isa = PBXFileReference; explicitFileType = wrapper.cfbundle; includeInIndex = 0; path = WeatherappTests.xctest; sourceTree = BUILT_PRODUCTS_DIR; };
		929F83522B694ED000A607E4 /* WeatherappTests.swift */ = {isa = PBXFileReference; lastKnownFileType = sourcecode.swift; path = WeatherappTests.swift; sourceTree = "<group>"; };
		929F83582B694ED000A607E4 /* WeatherappUITests.xctest */ = {isa = PBXFileReference; explicitFileType = wrapper.cfbundle; includeInIndex = 0; path = WeatherappUITests.xctest; sourceTree = BUILT_PRODUCTS_DIR; };
		929F835C2B694ED000A607E4 /* WeatherappUITests.swift */ = {isa = PBXFileReference; lastKnownFileType = sourcecode.swift; path = WeatherappUITests.swift; sourceTree = "<group>"; };
		929F835E2B694ED000A607E4 /* WeatherappUITestsLaunchTests.swift */ = {isa = PBXFileReference; lastKnownFileType = sourcecode.swift; path = WeatherappUITestsLaunchTests.swift; sourceTree = "<group>"; };
/* End PBXFileReference section */

/* Begin PBXFrameworksBuildPhase section */
		929F83352B694ECF00A607E4 /* Frameworks */ = {
			isa = PBXFrameworksBuildPhase;
			buildActionMask = 2147483647;
			files = (
			);
			runOnlyForDeploymentPostprocessing = 0;
		};
		929F834B2B694ED000A607E4 /* Frameworks */ = {
			isa = PBXFrameworksBuildPhase;
			buildActionMask = 2147483647;
			files = (
			);
			runOnlyForDeploymentPostprocessing = 0;
		};
		929F83552B694ED000A607E4 /* Frameworks */ = {
			isa = PBXFrameworksBuildPhase;
			buildActionMask = 2147483647;
			files = (
			);
			runOnlyForDeploymentPostprocessing = 0;
		};
/* End PBXFrameworksBuildPhase section */

/* Begin PBXGroup section */
		929F832F2B694ECF00A607E4 = {
			isa = PBXGroup;
			children = (
				929F833A2B694ECF00A607E4 /* Weatherapp */,
				929F83512B694ED000A607E4 /* WeatherappTests */,
				929F835B2B694ED000A607E4 /* WeatherappUITests */,
				929F83392B694ECF00A607E4 /* Products */,
			);
			sourceTree = "<group>";
		};
		929F83392B694ECF00A607E4 /* Products */ = {
			isa = PBXGroup;
			children = (
				929F83382B694ECF00A607E4 /* Weatherapp.app */,
				929F834E2B694ED000A607E4 /* WeatherappTests.xctest */,
				929F83582B694ED000A607E4 /* WeatherappUITests.xctest */,
			);
			name = Products;
			sourceTree = "<group>";
		};
		929F833A2B694ECF00A607E4 /* Weatherapp */ = {
			isa = PBXGroup;
			children = (
				929F833B2B694ECF00A607E4 /* AppDelegate.swift */,
				929F833D2B694ECF00A607E4 /* SceneDelegate.swift */,
				929F833F2B694ECF00A607E4 /* ViewController.swift */,
				929F83412B694ECF00A607E4 /* Main.storyboard */,
				929F83442B694ED000A607E4 /* Assets.xcassets */,
				929F83462B694ED000A607E4 /* LaunchScreen.storyboard */,
				929F83492B694ED000A607E4 /* Info.plist */,
			);
			path = Weatherapp;
			sourceTree = "<group>";
		};
		929F83512B694ED000A607E4 /* WeatherappTests */ = {
			isa = PBXGroup;
			children = (
				929F83522B694ED000A607E4 /* WeatherappTests.swift */,
			);
			path = WeatherappTests;
			sourceTree = "<group>";
		};
		929F835B2B694ED000A607E4 /* WeatherappUITests */ = {
			isa = PBXGroup;
			children = (
				929F835C2B694ED000A607E4 /* WeatherappUITests.swift */,
				929F835E2B694ED000A607E4 /* WeatherappUITestsLaunchTests.swift */,
			);
			path = WeatherappUITests;
			sourceTree = "<group>";
		};
/* End PBXGroup section */

/* Begin PBXNativeTarget section */
		929F83372B694ECF00A607E4 /* Weatherapp */ = {
			isa = PBXNativeTarget;
			buildConfigurationList = 929F83622B694ED000A607E4 /* Build configuration list for PBXNativeTarget "Weatherapp" */;
			buildPhases = (
				929F83342B694ECF00A607E4 /* Sources */,
				929F83352B694ECF00A607E4 /* Frameworks */,
				929F83362B694ECF00A607E4 /* Resources */,
			);
			buildRules = (
			);
			dependencies = (
			);
			name = Weatherapp;
			productName = Weatherapp;
			productReference = 929F83382B694ECF00A607E4 /* Weatherapp.app */;
			productType = "com.apple.product-type.application";
		};
		929F834D2B694ED000A607E4 /* WeatherappTests */ = {
			isa = PBXNativeTarget;
			buildConfigurationList = 929F83652B694ED000A607E4 /* Build configuration list for PBXNativeTarget "WeatherappTests" */;
			buildPhases = (
				929F834A2B694ED000A607E4 /* Sources */,
				929F834B2B694ED000A607E4 /* Frameworks */,
				929F834C2B694ED000A607E4 /* Resources */,
			);
			buildRules = (
			);
			dependencies = (
				929F83502B694ED000A607E4 /* PBXTargetDependency */,
			);
			name = WeatherappTests;
			productName = WeatherappTests;
			productReference = 929F834E2B694ED000A607E4 /* WeatherappTests.xctest */;
			productType = "com.apple.product-type.bundle.unit-test";
		};
		929F83572B694ED000A607E4 /* WeatherappUITests */ = {
			isa = PBXNativeTarget;
			buildConfigurationList = 929F83682B694ED000A607E4 /* Build configuration list for PBXNativeTarget "WeatherappUITests" */;
			buildPhases = (
				929F83542B694ED000A607E4 /* Sources */,
				929F83552B694ED000A607E4 /* Frameworks */,
				929F83562B694ED000A607E4 /* Resources */,
			);
			buildRules = (
			);
			dependencies = (
				929F835A2B694ED000A607E4 /* PBXTargetDependency */,
			);
			name = WeatherappUITests;
			productName = WeatherappUITests;
			productReference = 929F83582B694ED000A607E4 /* WeatherappUITests.xctest */;
			productType = "com.apple.product-type.bundle.ui-testing";
		};
/* End PBXNativeTarget section */

/* Begin PBXProject section */
		929F83302B694ECF00A607E4 /* Project object */ = {
			isa = PBXProject;
			attributes = {
				BuildIndependentTargetsInParallel = 1;
				LastSwiftUpdateCheck = 1520;
				LastUpgradeCheck = 1520;
				TargetAttributes = {
					929F83372B694ECF00A607E4 = {
						CreatedOnToolsVersion = 15.2;
					};
					929F834D2B694ED000A607E4 = {
						CreatedOnToolsVersion = 15.2;
						TestTargetID = 929F83372B694ECF00A607E4;
					};
					929F83572B694ED000A607E4 = {
						CreatedOnToolsVersion = 15.2;
						TestTargetID = 929F83372B694ECF00A607E4;
					};
				};
			};
			buildConfigurationList = 929F83332B694ECF00A607E4 /* Build configuration list for PBXProject "Weatherapp" */;
			compatibilityVersion = "Xcode 14.0";
			developmentRegion = en;
			hasScannedForEncodings = 0;
			knownRegions = (
				en,
				Base,
			);
			mainGroup = 929F832F2B694ECF00A607E4;
			productRefGroup = 929F83392B694ECF00A607E4 /* Products */;
			projectDirPath = "";
			projectRoot = "";
			targets = (
				929F83372B694ECF00A607E4 /* Weatherapp */,
				929F834D2B694ED000A607E4 /* WeatherappTests */,
				929F83572B694ED000A607E4 /* WeatherappUITests */,
			);
		};
/* End PBXProject section */

/* Begin PBXResourcesBuildPhase section */
		929F83362B694ECF00A607E4 /* Resources */ = {
			isa = PBXResourcesBuildPhase;
			buildActionMask = 2147483647;
			files = (
				929F83482B694ED000A607E4 /* LaunchScreen.storyboard in Resources */,
				929F83452B694ED000A607E4 /* Assets.xcassets in Resources */,
				929F83432B694ECF00A607E4 /* Main.storyboard in Resources */,
			);
			runOnlyForDeploymentPostprocessing = 0;
		};
		929F834C2B694ED000A607E4 /* Resources */ = {
			isa = PBXResourcesBuildPhase;
			buildActionMask = 2147483647;
			files = (
			);
			runOnlyForDeploymentPostprocessing = 0;
		};
		929F83562B694ED000A607E4 /* Resources */ = {
			isa = PBXResourcesBuildPhase;
			buildActionMask = 2147483647;
			files = (
			);
			runOnlyForDeploymentPostprocessing = 0;
		};
/* End PBXResourcesBuildPhase section */

/* Begin PBXSourcesBuildPhase section */
		929F83342B694ECF00A607E4 /* Sources */ = {
			isa = PBXSourcesBuildPhase;
			buildActionMask = 2147483647;
			files = (
				929F83402B694ECF00A607E4 /* ViewController.swift in Sources */,
				929F833C2B694ECF00A607E4 /* AppDelegate.swift in Sources */,
				929F833E2B694ECF00A607E4 /* SceneDelegate.swift in Sources */,
			);
			runOnlyForDeploymentPostprocessing = 0;
		};
		929F834A2B694ED000A607E4 /* Sources */ = {
			isa = PBXSourcesBuildPhase;
			buildActionMask = 2147483647;
			files = (
				929F83532B694ED000A607E4 /* WeatherappTests.swift in Sources */,
			);
			runOnlyForDeploymentPostprocessing = 0;
		};
		929F83542B694ED000A607E4 /* Sources */ = {
			isa = PBXSourcesBuildPhase;
			buildActionMask = 2147483647;
			files = (
				929F835D2B694ED000A607E4 /* WeatherappUITests.swift in Sources */,
				929F835F2B694ED000A607E4 /* WeatherappUITestsLaunchTests.swift in Sources */,
			);
			runOnlyForDeploymentPostprocessing = 0;
		};
/* End PBXSourcesBuildPhase section */

/* Begin PBXTargetDependency section */
		929F83502B694ED000A607E4 /* PBXTargetDependency */ = {
			isa = PBXTargetDependency;
			target = 929F83372B694ECF00A607E4 /* Weatherapp */;
			targetProxy = 929F834F2B694ED000A607E4 /* PBXContainerItemProxy */;
		};
		929F835A2B694ED000A607E4 /* PBXTargetDependency */ = {
			isa = PBXTargetDependency;
			target = 929F83372B694ECF00A607E4 /* Weatherapp */;
			targetProxy = 929F83592B694ED000A607E4 /* PBXContainerItemProxy */;
		};
/* End PBXTargetDependency section */

/* Begin PBXVariantGroup section */
		929F83412B694ECF00A607E4 /* Main.storyboard */ = {
			isa = PBXVariantGroup;
			children = (
				929F83422B694ECF00A607E4 /* Base */,
			);
			name = Main.storyboard;
			sourceTree = "<group>";
		};
		929F83462B694ED000A607E4 /* LaunchScreen.storyboard */ = {
			isa = PBXVariantGroup;
			children = (
				929F83472B694ED000A607E4 /* Base */,
			);
			name = LaunchScreen.storyboard;
			sourceTree = "<group>";
		};
/* End PBXVariantGroup section */

/* Begin XCBuildConfiguration section */
		929F83602B694ED000A607E4 /* Debug */ = {
			isa = XCBuildConfiguration;
			buildSettings = {
				ALWAYS_SEARCH_USER_PATHS = NO;
				ASSETCATALOG_COMPILER_GENERATE_SWIFT_ASSET_SYMBOL_EXTENSIONS = YES;
				CLANG_ANALYZER_NONNULL = YES;
				CLANG_ANALYZER_NUMBER_OBJECT_CONVERSION = YES_AGGRESSIVE;
				CLANG_CXX_LANGUAGE_STANDARD = "gnu++20";
				CLANG_ENABLE_MODULES = YES;
				CLANG_ENABLE_OBJC_ARC = YES;
				CLANG_ENABLE_OBJC_WEAK = YES;
				CLANG_WARN_BLOCK_CAPTURE_AUTORELEASING = YES;
				CLANG_WARN_BOOL_CONVERSION = YES;
				CLANG_WARN_COMMA = YES;
				CLANG_WARN_CONSTANT_CONVERSION = YES;
				CLANG_WARN_DEPRECATED_OBJC_IMPLEMENTATIONS = YES;
				CLANG_WARN_DIRECT_OBJC_ISA_USAGE = YES_ERROR;
				CLANG_WARN_DOCUMENTATION_COMMENTS = YES;
				CLANG_WARN_EMPTY_BODY = YES;
				CLANG_WARN_ENUM_CONVERSION = YES;
				CLANG_WARN_INFINITE_RECURSION = YES;
				CLANG_WARN_INT_CONVERSION = YES;
				CLANG_WARN_NON_LITERAL_NULL_CONVERSION = YES;
				CLANG_WARN_OBJC_IMPLICIT_RETAIN_SELF = YES;
				CLANG_WARN_OBJC_LITERAL_CONVERSION = YES;
				CLANG_WARN_OBJC_ROOT_CLASS = YES_ERROR;
				CLANG_WARN_QUOTED_INCLUDE_IN_FRAMEWORK_HEADER = YES;
				CLANG_WARN_RANGE_LOOP_ANALYSIS = YES;
				CLANG_WARN_STRICT_PROTOTYPES = YES;
				CLANG_WARN_SUSPICIOUS_MOVE = YES;
				CLANG_WARN_UNGUARDED_AVAILABILITY = YES_AGGRESSIVE;
				CLANG_WARN_UNREACHABLE_CODE = YES;
				CLANG_WARN__DUPLICATE_METHOD_MATCH = YES;
				COPY_PHASE_STRIP = NO;
				DEBUG_INFORMATION_FORMAT = dwarf;
				ENABLE_STRICT_OBJC_MSGSEND = YES;
				ENABLE_TESTABILITY = YES;
				ENABLE_USER_SCRIPT_SANDBOXING = YES;
				GCC_C_LANGUAGE_STANDARD = gnu17;
				GCC_DYNAMIC_NO_PIC = NO;
				GCC_NO_COMMON_BLOCKS = YES;
				GCC_OPTIMIZATION_LEVEL = 0;
				GCC_PREPROCESSOR_DEFINITIONS = (
					"DEBUG=1",
					"$(inherited)",
				);
				GCC_WARN_64_TO_32_BIT_CONVERSION = YES;
				GCC_WARN_ABOUT_RETURN_TYPE = YES_ERROR;
				GCC_WARN_UNDECLARED_SELECTOR = YES;
				GCC_WARN_UNINITIALIZED_AUTOS = YES_AGGRESSIVE;
				GCC_WARN_UNUSED_FUNCTION = YES;
				GCC_WARN_UNUSED_VARIABLE = YES;
				IPHONEOS_DEPLOYMENT_TARGET = 17.2;
				LOCALIZATION_PREFERS_STRING_CATALOGS = YES;
				MTL_ENABLE_DEBUG_INFO = INCLUDE_SOURCE;
				MTL_FAST_MATH = YES;
				ONLY_ACTIVE_ARCH = YES;
				SDKROOT = iphoneos;
				SWIFT_ACTIVE_COMPILATION_CONDITIONS = "DEBUG $(inherited)";
				SWIFT_OPTIMIZATION_LEVEL = "-Onone";
			};
			name = Debug;
		};
		929F83612B694ED000A607E4 /* Release */ = {
			isa = XCBuildConfiguration;
			buildSettings = {
				ALWAYS_SEARCH_USER_PATHS = NO;
				ASSETCATALOG_COMPILER_GENERATE_SWIFT_ASSET_SYMBOL_EXTENSIONS = YES;
				CLANG_ANALYZER_NONNULL = YES;
				CLANG_ANALYZER_NUMBER_OBJECT_CONVERSION = YES_AGGRESSIVE;
				CLANG_CXX_LANGUAGE_STANDARD = "gnu++20";
				CLANG_ENABLE_MODULES = YES;
				CLANG_ENABLE_OBJC_ARC = YES;
				CLANG_ENABLE_OBJC_WEAK = YES;
				CLANG_WARN_BLOCK_CAPTURE_AUTORELEASING = YES;
				CLANG_WARN_BOOL_CONVERSION = YES;
				CLANG_WARN_COMMA = YES;
				CLANG_WARN_CONSTANT_CONVERSION = YES;
				CLANG_WARN_DEPRECATED_OBJC_IMPLEMENTATIONS = YES;
				CLANG_WARN_DIRECT_OBJC_ISA_USAGE = YES_ERROR;
				CLANG_WARN_DOCUMENTATION_COMMENTS = YES;
				CLANG_WARN_EMPTY_BODY = YES;
				CLANG_WARN_ENUM_CONVERSION = YES;
				CLANG_WARN_INFINITE_RECURSION = YES;
				CLANG_WARN_INT_CONVERSION = YES;
				CLANG_WARN_NON_LITERAL_NULL_CONVERSION = YES;
				CLANG_WARN_OBJC_IMPLICIT_RETAIN_SELF = YES;
				CLANG_WARN_OBJC_LITERAL_CONVERSION = YES;
				CLANG_WARN_OBJC_ROOT_CLASS = YES_ERROR;
				CLANG_WARN_QUOTED_INCLUDE_IN_FRAMEWORK_HEADER = YES;
				CLANG_WARN_RANGE_LOOP_ANALYSIS = YES;
				CLANG_WARN_STRICT_PROTOTYPES = YES;
				CLANG_WARN_SUSPICIOUS_MOVE = YES;
				CLANG_WARN_UNGUARDED_AVAILABILITY = YES_AGGRESSIVE;
				CLANG_WARN_UNREACHABLE_CODE = YES;
				CLANG_WARN__DUPLICATE_METHOD_MATCH = YES;
				COPY_PHASE_STRIP = NO;
				DEBUG_INFORMATION_FORMAT = "dwarf-with-dsym";
				ENABLE_NS_ASSERTIONS = NO;
				ENABLE_STRICT_OBJC_MSGSEND = YES;
				ENABLE_USER_SCRIPT_SANDBOXING = YES;
				GCC_C_LANGUAGE_STANDARD = gnu17;
				GCC_NO_COMMON_BLOCKS = YES;
				GCC_WARN_64_TO_32_BIT_CONVERSION = YES;
				GCC_WARN_ABOUT_RETURN_TYPE = YES_ERROR;
				GCC_WARN_UNDECLARED_SELECTOR = YES;
				GCC_WARN_UNINITIALIZED_AUTOS = YES_AGGRESSIVE;
				GCC_WARN_UNUSED_FUNCTION = YES;
				GCC_WARN_UNUSED_VARIABLE = YES;
				IPHONEOS_DEPLOYMENT_TARGET = 17.2;
				LOCALIZATION_PREFERS_STRING_CATALOGS = YES;
				MTL_ENABLE_DEBUG_INFO = NO;
				MTL_FAST_MATH = YES;
				SDKROOT = iphoneos;
				SWIFT_COMPILATION_MODE = wholemodule;
				VALIDATE_PRODUCT = YES;
			};
			name = Release;
		};
		929F83632B694ED000A607E4 /* Debug */ = {
			isa = XCBuildConfiguration;
			buildSettings = {
				ASSETCATALOG_COMPILER_APPICON_NAME = AppIcon;
				ASSETCATALOG_COMPILER_GLOBAL_ACCENT_COLOR_NAME = AccentColor;
				CODE_SIGN_STYLE = Automatic;
				CURRENT_PROJECT_VERSION = 1;
				GENERATE_INFOPLIST_FILE = YES;
				INFOPLIST_FILE = Weatherapp/Info.plist;
				INFOPLIST_KEY_CFBundleDisplayName = Weatherapp;
				INFOPLIST_KEY_UIApplicationSupportsIndirectInputEvents = YES;
				INFOPLIST_KEY_UILaunchStoryboardName = LaunchScreen;
				INFOPLIST_KEY_UIMainStoryboardFile = Main;
				INFOPLIST_KEY_UISupportedInterfaceOrientations_iPad = "UIInterfaceOrientationPortrait UIInterfaceOrientationPortraitUpsideDown UIInterfaceOrientationLandscapeLeft UIInterfaceOrientationLandscapeRight";
				INFOPLIST_KEY_UISupportedInterfaceOrientations_iPhone = "UIInterfaceOrientationPortrait UIInterfaceOrientationLandscapeLeft UIInterfaceOrientationLandscapeRight";
				LD_RUNPATH_SEARCH_PATHS = (
					"$(inherited)",
					"@executable_path/Frameworks",
				);
				MARKETING_VERSION = 1.0;
				PRODUCT_BUNDLE_IDENTIFIER = nwmsu.Weatherapp;
				PRODUCT_NAME = "$(TARGET_NAME)";
				SWIFT_EMIT_LOC_STRINGS = YES;
				SWIFT_VERSION = 5.0;
				TARGETED_DEVICE_FAMILY = "1,2";
			};
			name = Debug;
		};
		929F83642B694ED000A607E4 /* Release */ = {
			isa = XCBuildConfiguration;
			buildSettings = {
				ASSETCATALOG_COMPILER_APPICON_NAME = AppIcon;
				ASSETCATALOG_COMPILER_GLOBAL_ACCENT_COLOR_NAME = AccentColor;
				CODE_SIGN_STYLE = Automatic;
				CURRENT_PROJECT_VERSION = 1;
				GENERATE_INFOPLIST_FILE = YES;
				INFOPLIST_FILE = Weatherapp/Info.plist;
				INFOPLIST_KEY_CFBundleDisplayName = Weatherapp;
				INFOPLIST_KEY_UIApplicationSupportsIndirectInputEvents = YES;
				INFOPLIST_KEY_UILaunchStoryboardName = LaunchScreen;
				INFOPLIST_KEY_UIMainStoryboardFile = Main;
				INFOPLIST_KEY_UISupportedInterfaceOrientations_iPad = "UIInterfaceOrientationPortrait UIInterfaceOrientationPortraitUpsideDown UIInterfaceOrientationLandscapeLeft UIInterfaceOrientationLandscapeRight";
				INFOPLIST_KEY_UISupportedInterfaceOrientations_iPhone = "UIInterfaceOrientationPortrait UIInterfaceOrientationLandscapeLeft UIInterfaceOrientationLandscapeRight";
				LD_RUNPATH_SEARCH_PATHS = (
					"$(inherited)",
					"@executable_path/Frameworks",
				);
				MARKETING_VERSION = 1.0;
				PRODUCT_BUNDLE_IDENTIFIER = nwmsu.Weatherapp;
				PRODUCT_NAME = "$(TARGET_NAME)";
				SWIFT_EMIT_LOC_STRINGS = YES;
				SWIFT_VERSION = 5.0;
				TARGETED_DEVICE_FAMILY = "1,2";
			};
			name = Release;
		};
		929F83662B694ED000A607E4 /* Debug */ = {
			isa = XCBuildConfiguration;
			buildSettings = {
				ALWAYS_EMBED_SWIFT_STANDARD_LIBRARIES = YES;
				BUNDLE_LOADER = "$(TEST_HOST)";
				CODE_SIGN_STYLE = Automatic;
				CURRENT_PROJECT_VERSION = 1;
				GENERATE_INFOPLIST_FILE = YES;
				IPHONEOS_DEPLOYMENT_TARGET = 17.2;
				MARKETING_VERSION = 1.0;
				PRODUCT_BUNDLE_IDENTIFIER = nwmsu.WeatherappTests;
				PRODUCT_NAME = "$(TARGET_NAME)";
				SWIFT_EMIT_LOC_STRINGS = NO;
				SWIFT_VERSION = 5.0;
				TARGETED_DEVICE_FAMILY = "1,2";
				TEST_HOST = "$(BUILT_PRODUCTS_DIR)/Weatherapp.app/$(BUNDLE_EXECUTABLE_FOLDER_PATH)/Weatherapp";
			};
			name = Debug;
		};
		929F83672B694ED000A607E4 /* Release */ = {
			isa = XCBuildConfiguration;
			buildSettings = {
				ALWAYS_EMBED_SWIFT_STANDARD_LIBRARIES = YES;
				BUNDLE_LOADER = "$(TEST_HOST)";
				CODE_SIGN_STYLE = Automatic;
				CURRENT_PROJECT_VERSION = 1;
				GENERATE_INFOPLIST_FILE = YES;
				IPHONEOS_DEPLOYMENT_TARGET = 17.2;
				MARKETING_VERSION = 1.0;
				PRODUCT_BUNDLE_IDENTIFIER = nwmsu.WeatherappTests;
				PRODUCT_NAME = "$(TARGET_NAME)";
				SWIFT_EMIT_LOC_STRINGS = NO;
				SWIFT_VERSION = 5.0;
				TARGETED_DEVICE_FAMILY = "1,2";
				TEST_HOST = "$(BUILT_PRODUCTS_DIR)/Weatherapp.app/$(BUNDLE_EXECUTABLE_FOLDER_PATH)/Weatherapp";
			};
			name = Release;
		};
		929F83692B694ED000A607E4 /* Debug */ = {
			isa = XCBuildConfiguration;
			buildSettings = {
				ALWAYS_EMBED_SWIFT_STANDARD_LIBRARIES = YES;
				CODE_SIGN_STYLE = Automatic;
				CURRENT_PROJECT_VERSION = 1;
				GENERATE_INFOPLIST_FILE = YES;
				MARKETING_VERSION = 1.0;
				PRODUCT_BUNDLE_IDENTIFIER = nwmsu.WeatherappUITests;
				PRODUCT_NAME = "$(TARGET_NAME)";
				SWIFT_EMIT_LOC_STRINGS = NO;
				SWIFT_VERSION = 5.0;
				TARGETED_DEVICE_FAMILY = "1,2";
				TEST_TARGET_NAME = Weatherapp;
			};
			name = Debug;
		};
		929F836A2B694ED000A607E4 /* Release */ = {
			isa = XCBuildConfiguration;
			buildSettings = {
				ALWAYS_EMBED_SWIFT_STANDARD_LIBRARIES = YES;
				CODE_SIGN_STYLE = Automatic;
				CURRENT_PROJECT_VERSION = 1;
				GENERATE_INFOPLIST_FILE = YES;
				MARKETING_VERSION = 1.0;
				PRODUCT_BUNDLE_IDENTIFIER = nwmsu.WeatherappUITests;
				PRODUCT_NAME = "$(TARGET_NAME)";
				SWIFT_EMIT_LOC_STRINGS = NO;
				SWIFT_VERSION = 5.0;
				TARGETED_DEVICE_FAMILY = "1,2";
				TEST_TARGET_NAME = Weatherapp;
			};
			name = Release;
		};
/* End XCBuildConfiguration section */

/* Begin XCConfigurationList section */
		929F83332B694ECF00A607E4 /* Build configuration list for PBXProject "Weatherapp" */ = {
			isa = XCConfigurationList;
			buildConfigurations = (
				929F83602B694ED000A607E4 /* Debug */,
				929F83612B694ED000A607E4 /* Release */,
			);
			defaultConfigurationIsVisible = 0;
			defaultConfigurationName = Release;
		};
		929F83622B694ED000A607E4 /* Build configuration list for PBXNativeTarget "Weatherapp" */ = {
			isa = XCConfigurationList;
			buildConfigurations = (
				929F83632B694ED000A607E4 /* Debug */,
				929F83642B694ED000A607E4 /* Release */,
			);
			defaultConfigurationIsVisible = 0;
			defaultConfigurationName = Release;
		};
		929F83652B694ED000A607E4 /* Build configuration list for PBXNativeTarget "WeatherappTests" */ = {
			isa = XCConfigurationList;
			buildConfigurations = (
				929F83662B694ED000A607E4 /* Debug */,
				929F83672B694ED000A607E4 /* Release */,
			);
			defaultConfigurationIsVisible = 0;
			defaultConfigurationName = Release;
		};
		929F83682B694ED000A607E4 /* Build configuration list for PBXNativeTarget "WeatherappUITests" */ = {
			isa = XCConfigurationList;
			buildConfigurations = (
				929F83692B694ED000A607E4 /* Debug */,
				929F836A2B694ED000A607E4 /* Release */,
			);
			defaultConfigurationIsVisible = 0;
			defaultConfigurationName = Release;
		};
/* End XCConfigurationList section */
	};
	rootObject = 929F83302B694ECF00A607E4 /* Project object */;
}
